Microsoft Visual Studio Solution File, Format Version 12.00
# Visual Studio Version 17
VisualStudioVersion = 17.5.2.0
MinimumVisualStudioVersion = 10.0.40219.1
Project("{FAE04EC0-301F-11D3-BF4B-00C04F79EFBC}") = "I_Car_Services", "I_Car_Services.csproj", "{1C960D82-9D44-9DD2-7E44-2EDD56634643}"
EndProject
Global
	GlobalSection(SolutionConfigurationPlatforms) = preSolution
		Debug|Any CPU = Debug|Any CPU
		Release|Any CPU = Release|Any CPU
	EndGlobalSection
	GlobalSection(ProjectConfigurationPlatforms) = postSolution
		{1C960D82-9D44-9DD2-7E44-2EDD56634643}.Debug|Any CPU.ActiveCfg = Debug|Any CPU
		{1C960D82-9D44-9DD2-7E44-2EDD56634643}.Debug|Any CPU.Build.0 = Debug|Any CPU
		{1C960D82-9D44-9DD2-7E44-2EDD56634643}.Release|Any CPU.ActiveCfg = Release|Any CPU
		{1C960D82-9D44-9DD2-7E44-2EDD56634643}.Release|Any CPU.Build.0 = Release|Any CPU
	EndGlobalSection
	GlobalSection(SolutionProperties) = preSolution
		HideSolutionNode = FALSE
	EndGlobalSection
	GlobalSection(ExtensibilityGlobals) = postSolution
		SolutionGuid = {37699FCD-9218-4ABD-9A1A-C8B0F50B3AA7}
	EndGlobalSection
EndGlobal
